
Microsoft Visual Studio Solution File, Format Version 11.00
# Visual Studio 2010
Project("{FAE04EC0-301F-11D3-BF4B-00C04F79EFBC}") = "Maverick", "Maverick\Maverick.csproj", "{6607A063-9542-461A-834D-6621C0DA8173}"
EndProject
Project("{FAE04EC0-301F-11D3-BF4B-00C04F79EFBC}") = "Maverick.Example", "Maverick.Example\Maverick.Example.csproj", "{35DDF64C-3885-4AB2-8C28-7CE6D71D6E93}"
EndProject
Project("{FAE04EC0-301F-11D3-BF4B-00C04F79EFBC}") = "Maverick.Tests", "Maverick.Tests\Maverick.Tests.csproj", "{26B6BAD8-EA27-46A9-9EE1-7184E87130AC}"
EndProject
Global
	GlobalSection(SolutionConfigurationPlatforms) = preSolution
		Debug|Any CPU = Debug|Any CPU
		Release|Any CPU = Release|Any CPU
	EndGlobalSection
	GlobalSection(ProjectConfigurationPlatforms) = postSolution
		{6607A063-9542-461A-834D-6621C0DA8173}.Debug|Any CPU.ActiveCfg = Debug|Any CPU
		{6607A063-9542-461A-834D-6621C0DA8173}.Debug|Any CPU.Build.0 = Debug|Any CPU
		{6607A063-9542-461A-834D-6621C0DA8173}.Release|Any CPU.ActiveCfg = Release|Any CPU
		{6607A063-9542-461A-834D-6621C0DA8173}.Release|Any CPU.Build.0 = Release|Any CPU
		{35DDF64C-3885-4AB2-8C28-7CE6D71D6E93}.Debug|Any CPU.ActiveCfg = Debug|Any CPU
		{35DDF64C-3885-4AB2-8C28-7CE6D71D6E93}.Debug|Any CPU.Build.0 = Debug|Any CPU
		{35DDF64C-3885-4AB2-8C28-7CE6D71D6E93}.Release|Any CPU.ActiveCfg = Release|Any CPU
		{35DDF64C-3885-4AB2-8C28-7CE6D71D6E93}.Release|Any CPU.Build.0 = Release|Any CPU
		{26B6BAD8-EA27-46A9-9EE1-7184E87130AC}.Debug|Any CPU.ActiveCfg = Debug|Any CPU
		{26B6BAD8-EA27-46A9-9EE1-7184E87130AC}.Debug|Any CPU.Build.0 = Debug|Any CPU
		{26B6BAD8-EA27-46A9-9EE1-7184E87130AC}.Release|Any CPU.ActiveCfg = Release|Any CPU
		{26B6BAD8-EA27-46A9-9EE1-7184E87130AC}.Release|Any CPU.Build.0 = Release|Any CPU
	EndGlobalSection
	GlobalSection(SolutionProperties) = preSolution
		HideSolutionNode = FALSE
	EndGlobalSection
EndGlobal
